// !$*UTF8*$!
{
	archiveVersion = 1;
	classes = {
	};
	objectVersion = 51;
	objects = {

/* Begin PBXBuildFile section */
		1555DC522415A202004D4B44 /* AppDelegate.swift in Sources */ = {isa = PBXBuildFile; fileRef = 1555DC512415A202004D4B44 /* AppDelegate.swift */; };
		1555DC542415A202004D4B44 /* SceneDelegate.swift in Sources */ = {isa = PBXBuildFile; fileRef = 1555DC532415A202004D4B44 /* SceneDelegate.swift */; };
		1555DC562415A202004D4B44 /* ViewController.swift in Sources */ = {isa = PBXBuildFile; fileRef = 1555DC552415A202004D4B44 /* ViewController.swift */; };
		1555DC592415A202004D4B44 /* Main.storyboard in Resources */ = {isa = PBXBuildFile; fileRef = 1555DC572415A202004D4B44 /* Main.storyboard */; };
		1555DC5C2415A202004D4B44 /* CareGiver.xcdatamodeld in Sources */ = {isa = PBXBuildFile; fileRef = 1555DC5A2415A202004D4B44 /* CareGiver.xcdatamodeld */; };
		1555DC5E2415A204004D4B44 /* Assets.xcassets in Resources */ = {isa = PBXBuildFile; fileRef = 1555DC5D2415A204004D4B44 /* Assets.xcassets */; };
		1555DC612415A204004D4B44 /* LaunchScreen.storyboard in Resources */ = {isa = PBXBuildFile; fileRef = 1555DC5F2415A204004D4B44 /* LaunchScreen.storyboard */; };
		1555DC692415A7CA004D4B44 /* API.swift in Sources */ = {isa = PBXBuildFile; fileRef = 1555DC682415A7CA004D4B44 /* API.swift */; };
		1555DC6B2415A7E9004D4B44 /* awsconfiguration.json in Resources */ = {isa = PBXBuildFile; fileRef = 1555DC6A2415A7E9004D4B44 /* awsconfiguration.json */; };
		1555DC81241864A3004D4B44 /* Pods_CareGiver.framework in Embed Frameworks */ = {isa = PBXBuildFile; fileRef = 8C359D44F16BC80C2A35DBD3 /* Pods_CareGiver.framework */; settings = {ATTRIBUTES = (CodeSignOnCopy, RemoveHeadersOnCopy, ); }; };
		1555DC8C241BEE76004D4B44 /* AppSyncCall.swift in Sources */ = {isa = PBXBuildFile; fileRef = 1555DC8B241BEE75004D4B44 /* AppSyncCall.swift */; };
		159A922B242C320400F82B9F /* ProfileViewController.swift in Sources */ = {isa = PBXBuildFile; fileRef = 159A922A242C320400F82B9F /* ProfileViewController.swift */; };
		159A922D242C3F9C00F82B9F /* EstimoteSDKHelper.swift in Sources */ = {isa = PBXBuildFile; fileRef = 159A922C242C3F9C00F82B9F /* EstimoteSDKHelper.swift */; };
		97A43D9B2E49CFC95A38DC43 /* Pods_CareGiver.framework in Frameworks */ = {isa = PBXBuildFile; fileRef = FFA72E64163E03D68A398696 /* Pods_CareGiver.framework */; };
/* End PBXBuildFile section */

/* Begin PBXCopyFilesBuildPhase section */
		1555DC82241864A3004D4B44 /* Embed Frameworks */ = {
			isa = PBXCopyFilesBuildPhase;
			buildActionMask = 2147483647;
			dstPath = "";
			dstSubfolderSpec = 10;
			files = (
				1555DC81241864A3004D4B44 /* Pods_CareGiver.framework in Embed Frameworks */,
			);
			name = "Embed Frameworks";
			runOnlyForDeploymentPostprocessing = 0;
		};
/* End PBXCopyFilesBuildPhase section */

/* Begin PBXFileReference section */
		1555DC4E2415A202004D4B44 /* CareGiver.app */ = {isa = PBXFileReference; explicitFileType = wrapper.application; includeInIndex = 0; path = CareGiver.app; sourceTree = BUILT_PRODUCTS_DIR; };
		1555DC512415A202004D4B44 /* AppDelegate.swift */ = {isa = PBXFileReference; lastKnownFileType = sourcecode.swift; path = AppDelegate.swift; sourceTree = "<group>"; };
		1555DC532415A202004D4B44 /* SceneDelegate.swift */ = {isa = PBXFileReference; lastKnownFileType = sourcecode.swift; path = SceneDelegate.swift; sourceTree = "<group>"; };
		1555DC552415A202004D4B44 /* ViewController.swift */ = {isa = PBXFileReference; lastKnownFileType = sourcecode.swift; path = ViewController.swift; sourceTree = "<group>"; };
		1555DC582415A202004D4B44 /* Base */ = {isa = PBXFileReference; lastKnownFileType = file.storyboard; name = Base; path = Base.lproj/Main.storyboard; sourceTree = "<group>"; };
		1555DC5B2415A202004D4B44 /* CareGiver.xcdatamodel */ = {isa = PBXFileReference; lastKnownFileType = wrapper.xcdatamodel; path = CareGiver.xcdatamodel; sourceTree = "<group>"; };
		1555DC5D2415A204004D4B44 /* Assets.xcassets */ = {isa = PBXFileReference; lastKnownFileType = folder.assetcatalog; path = Assets.xcassets; sourceTree = "<group>"; };
		1555DC602415A204004D4B44 /* Base */ = {isa = PBXFileReference; lastKnownFileType = file.storyboard; name = Base; path = Base.lproj/LaunchScreen.storyboard; sourceTree = "<group>"; };
		1555DC622415A204004D4B44 /* Info.plist */ = {isa = PBXFileReference; lastKnownFileType = text.plist.xml; path = Info.plist; sourceTree = "<group>"; };
		1555DC682415A7CA004D4B44 /* API.swift */ = {isa = PBXFileReference; fileEncoding = 4; lastKnownFileType = sourcecode.swift; path = API.swift; sourceTree = SOURCE_ROOT; };
		1555DC6A2415A7E9004D4B44 /* awsconfiguration.json */ = {isa = PBXFileReference; fileEncoding = 4; lastKnownFileType = text.json; path = awsconfiguration.json; sourceTree = "<group>"; };
		1555DC6C24186238004D4B44 /* AppSyncRealTimeClient.framework */ = {isa = PBXFileReference; explicitFileType = wrapper.framework; path = AppSyncRealTimeClient.framework; sourceTree = BUILT_PRODUCTS_DIR; };
		1555DC6D24186238004D4B44 /* AWSAppSync.framework */ = {isa = PBXFileReference; explicitFileType = wrapper.framework; path = AWSAppSync.framework; sourceTree = BUILT_PRODUCTS_DIR; };
		1555DC6E24186238004D4B44 /* AWSCore.framework */ = {isa = PBXFileReference; explicitFileType = wrapper.framework; path = AWSCore.framework; sourceTree = BUILT_PRODUCTS_DIR; };
		1555DC6F24186238004D4B44 /* Reachability.framework */ = {isa = PBXFileReference; explicitFileType = wrapper.framework; path = Reachability.framework; sourceTree = BUILT_PRODUCTS_DIR; };
		1555DC7024186238004D4B44 /* SQLite.framework */ = {isa = PBXFileReference; explicitFileType = wrapper.framework; path = SQLite.framework; sourceTree = BUILT_PRODUCTS_DIR; };
		1555DC7124186238004D4B44 /* Starscream.framework */ = {isa = PBXFileReference; explicitFileType = wrapper.framework; path = Starscream.framework; sourceTree = BUILT_PRODUCTS_DIR; };
		1555DC8B241BEE75004D4B44 /* AppSyncCall.swift */ = {isa = PBXFileReference; lastKnownFileType = sourcecode.swift; path = AppSyncCall.swift; sourceTree = "<group>"; };
		159A922A242C320400F82B9F /* ProfileViewController.swift */ = {isa = PBXFileReference; lastKnownFileType = sourcecode.swift; path = ProfileViewController.swift; sourceTree = "<group>"; };
		159A922C242C3F9C00F82B9F /* EstimoteSDKHelper.swift */ = {isa = PBXFileReference; lastKnownFileType = sourcecode.swift; path = EstimoteSDKHelper.swift; sourceTree = "<group>"; };
		41C093DBBBF59A63CCFDDC40 /* Pods-CareGiver.debug.xcconfig */ = {isa = PBXFileReference; includeInIndex = 1; lastKnownFileType = text.xcconfig; name = "Pods-CareGiver.debug.xcconfig"; path = "Target Support Files/Pods-CareGiver/Pods-CareGiver.debug.xcconfig"; sourceTree = "<group>"; };
		8C359D44F16BC80C2A35DBD3 /* Pods_CareGiver.framework */ = {isa = PBXFileReference; explicitFileType = wrapper.framework; includeInIndex = 0; path = Pods_CareGiver.framework; sourceTree = BUILT_PRODUCTS_DIR; };
		E6DA5FA953652EE41D7C6E3D /* Pods-CareGiver.release.xcconfig */ = {isa = PBXFileReference; includeInIndex = 1; lastKnownFileType = text.xcconfig; name = "Pods-CareGiver.release.xcconfig"; path = "Target Support Files/Pods-CareGiver/Pods-CareGiver.release.xcconfig"; sourceTree = "<group>"; };
		FFA72E64163E03D68A398696 /* Pods_CareGiver.framework */ = {isa = PBXFileReference; explicitFileType = wrapper.framework; includeInIndex = 0; path = Pods_CareGiver.framework; sourceTree = BUILT_PRODUCTS_DIR; };
/* End PBXFileReference section */

/* Begin PBXFrameworksBuildPhase section */
		1555DC4B2415A202004D4B44 /* Frameworks */ = {
			isa = PBXFrameworksBuildPhase;
			buildActionMask = 2147483647;
			files = (
				97A43D9B2E49CFC95A38DC43 /* Pods_CareGiver.framework in Frameworks */,
			);
			runOnlyForDeploymentPostprocessing = 0;
		};
/* End PBXFrameworksBuildPhase section */

/* Begin PBXGroup section */
		08CFB8ECEB13D28F9A5467A3 /* Pods */ = {
			isa = PBXGroup;
			children = (
				41C093DBBBF59A63CCFDDC40 /* Pods-CareGiver.debug.xcconfig */,
				E6DA5FA953652EE41D7C6E3D /* Pods-CareGiver.release.xcconfig */,
			);
			path = Pods;
			sourceTree = "<group>";
		};
		1555DC452415A202004D4B44 = {
			isa = PBXGroup;
			children = (
				1555DC6A2415A7E9004D4B44 /* awsconfiguration.json */,
				1555DC502415A202004D4B44 /* CareGiver */,
				1555DC4F2415A202004D4B44 /* Products */,
				08CFB8ECEB13D28F9A5467A3 /* Pods */,
				4BDE3AFC5544EB4B26E1E6DE /* Frameworks */,
				1555DC8A2418CA9D004D4B44 /* Recovered References */,
			);
			sourceTree = "<group>";
		};
		1555DC4F2415A202004D4B44 /* Products */ = {
			isa = PBXGroup;
			children = (
				1555DC4E2415A202004D4B44 /* CareGiver.app */,
			);
			name = Products;
			sourceTree = "<group>";
		};
		1555DC502415A202004D4B44 /* CareGiver */ = {
			isa = PBXGroup;
			children = (
				1555DC682415A7CA004D4B44 /* API.swift */,
				1555DC512415A202004D4B44 /* AppDelegate.swift */,
				1555DC532415A202004D4B44 /* SceneDelegate.swift */,
				1555DC552415A202004D4B44 /* ViewController.swift */,
				1555DC572415A202004D4B44 /* Main.storyboard */,
				1555DC5D2415A204004D4B44 /* Assets.xcassets */,
				1555DC5F2415A204004D4B44 /* LaunchScreen.storyboard */,
				1555DC622415A204004D4B44 /* Info.plist */,
				1555DC5A2415A202004D4B44 /* CareGiver.xcdatamodeld */,
				1555DC8B241BEE75004D4B44 /* AppSyncCall.swift */,
				159A922A242C320400F82B9F /* ProfileViewController.swift */,
				159A922C242C3F9C00F82B9F /* EstimoteSDKHelper.swift */,
			);
			path = CareGiver;
			sourceTree = "<group>";
		};
		1555DC8A2418CA9D004D4B44 /* Recovered References */ = {
			isa = PBXGroup;
			children = (
				8C359D44F16BC80C2A35DBD3 /* Pods_CareGiver.framework */,
			);
			name = "Recovered References";
			sourceTree = "<group>";
		};
		4BDE3AFC5544EB4B26E1E6DE /* Frameworks */ = {
			isa = PBXGroup;
			children = (
				1555DC6C24186238004D4B44 /* AppSyncRealTimeClient.framework */,
				1555DC6D24186238004D4B44 /* AWSAppSync.framework */,
				1555DC6E24186238004D4B44 /* AWSCore.framework */,
				1555DC6F24186238004D4B44 /* Reachability.framework */,
				1555DC7024186238004D4B44 /* SQLite.framework */,
				1555DC7124186238004D4B44 /* Starscream.framework */,
				FFA72E64163E03D68A398696 /* Pods_CareGiver.framework */,
			);
			name = Frameworks;
			sourceTree = "<group>";
		};
/* End PBXGroup section */

/* Begin PBXNativeTarget section */
		1555DC4D2415A202004D4B44 /* CareGiver */ = {
			isa = PBXNativeTarget;
			buildConfigurationList = 1555DC652415A204004D4B44 /* Build configuration list for PBXNativeTarget "CareGiver" */;
			buildPhases = (
				BAD20B8F24C6234F1E97DA71 /* [CP] Check Pods Manifest.lock */,
				1555DC4A2415A202004D4B44 /* Sources */,
				1555DC4B2415A202004D4B44 /* Frameworks */,
				1555DC4C2415A202004D4B44 /* Resources */,
				1555DC82241864A3004D4B44 /* Embed Frameworks */,
				557B6ACD6D1C4DFF3BEAA0A4 /* [CP] Embed Pods Frameworks */,
			);
			buildRules = (
			);
			dependencies = (
			);
			name = CareGiver;
			productName = CareGiver;
			productReference = 1555DC4E2415A202004D4B44 /* CareGiver.app */;
			productType = "com.apple.product-type.application";
		};
/* End PBXNativeTarget section */

/* Begin PBXProject section */
		1555DC462415A202004D4B44 /* Project object */ = {
			isa = PBXProject;
			attributes = {
				LastSwiftUpdateCheck = 1130;
				LastUpgradeCheck = 1130;
				ORGANIZATIONNAME = CareGiver;
				TargetAttributes = {
					1555DC4D2415A202004D4B44 = {
						CreatedOnToolsVersion = 11.3.1;
					};
				};
			};
			buildConfigurationList = 1555DC492415A202004D4B44 /* Build configuration list for PBXProject "CareGiver" */;
			compatibilityVersion = "Xcode 9.3";
			developmentRegion = en;
			hasScannedForEncodings = 0;
			knownRegions = (
				en,
				Base,
			);
			mainGroup = 1555DC452415A202004D4B44;
			productRefGroup = 1555DC4F2415A202004D4B44 /* Products */;
			projectDirPath = "";
			projectRoot = "";
			targets = (
				1555DC4D2415A202004D4B44 /* CareGiver */,
			);
		};
/* End PBXProject section */

/* Begin PBXResourcesBuildPhase section */
		1555DC4C2415A202004D4B44 /* Resources */ = {
			isa = PBXResourcesBuildPhase;
			buildActionMask = 2147483647;
			files = (
				1555DC6B2415A7E9004D4B44 /* awsconfiguration.json in Resources */,
				1555DC612415A204004D4B44 /* LaunchScreen.storyboard in Resources */,
				1555DC5E2415A204004D4B44 /* Assets.xcassets in Resources */,
				1555DC592415A202004D4B44 /* Main.storyboard in Resources */,
			);
			runOnlyForDeploymentPostprocessing = 0;
		};
/* End PBXResourcesBuildPhase section */

/* Begin PBXShellScriptBuildPhase section */
		557B6ACD6D1C4DFF3BEAA0A4 /* [CP] Embed Pods Frameworks */ = {
			isa = PBXShellScriptBuildPhase;
			buildActionMask = 2147483647;
			files = (
			);
			inputFileListPaths = (
				"${PODS_ROOT}/Target Support Files/Pods-CareGiver/Pods-CareGiver-frameworks-${CONFIGURATION}-input-files.xcfilelist",
			);
			name = "[CP] Embed Pods Frameworks";
			outputFileListPaths = (
				"${PODS_ROOT}/Target Support Files/Pods-CareGiver/Pods-CareGiver-frameworks-${CONFIGURATION}-output-files.xcfilelist",
			);
			runOnlyForDeploymentPostprocessing = 0;
			shellPath = /bin/sh;
			shellScript = "\"${PODS_ROOT}/Target Support Files/Pods-CareGiver/Pods-CareGiver-frameworks.sh\"\n";
			showEnvVarsInLog = 0;
		};
		BAD20B8F24C6234F1E97DA71 /* [CP] Check Pods Manifest.lock */ = {
			isa = PBXShellScriptBuildPhase;
			buildActionMask = 2147483647;
			files = (
			);
			inputFileListPaths = (
			);
			inputPaths = (
				"${PODS_PODFILE_DIR_PATH}/Podfile.lock",
				"${PODS_ROOT}/Manifest.lock",
			);
			name = "[CP] Check Pods Manifest.lock";
			outputFileListPaths = (
			);
			outputPaths = (
				"$(DERIVED_FILE_DIR)/Pods-CareGiver-checkManifestLockResult.txt",
			);
			runOnlyForDeploymentPostprocessing = 0;
			shellPath = /bin/sh;
			shellScript = "diff \"${PODS_PODFILE_DIR_PATH}/Podfile.lock\" \"${PODS_ROOT}/Manifest.lock\" > /dev/null\nif [ $? != 0 ] ; then\n    # print error to STDERR\n    echo \"error: The sandbox is not in sync with the Podfile.lock. Run 'pod install' or update your CocoaPods installation.\" >&2\n    exit 1\nfi\n# This output is used by Xcode 'outputs' to avoid re-running this script phase.\necho \"SUCCESS\" > \"${SCRIPT_OUTPUT_FILE_0}\"\n";
			showEnvVarsInLog = 0;
		};
/* End PBXShellScriptBuildPhase section */

/* Begin PBXSourcesBuildPhase section */
		1555DC4A2415A202004D4B44 /* Sources */ = {
			isa = PBXSourcesBuildPhase;
			buildActionMask = 2147483647;
			files = (
				1555DC8C241BEE76004D4B44 /* AppSyncCall.swift in Sources */,
				1555DC562415A202004D4B44 /* ViewController.swift in Sources */,
				1555DC522415A202004D4B44 /* AppDelegate.swift in Sources */,
				1555DC5C2415A202004D4B44 /* CareGiver.xcdatamodeld in Sources */,
				159A922B242C320400F82B9F /* ProfileViewController.swift in Sources */,
				1555DC542415A202004D4B44 /* SceneDelegate.swift in Sources */,
				159A922D242C3F9C00F82B9F /* EstimoteSDKHelper.swift in Sources */,
				1555DC692415A7CA004D4B44 /* API.swift in Sources */,
			);
			runOnlyForDeploymentPostprocessing = 0;
		};
/* End PBXSourcesBuildPhase section */

/* Begin PBXVariantGroup section */
		1555DC572415A202004D4B44 /* Main.storyboard */ = {
			isa = PBXVariantGroup;
			children = (
				1555DC582415A202004D4B44 /* Base */,
			);
			name = Main.storyboard;
			sourceTree = "<group>";
		};
		1555DC5F2415A204004D4B44 /* LaunchScreen.storyboard */ = {
			isa = PBXVariantGroup;
			children = (
				1555DC602415A204004D4B44 /* Base */,
			);
			name = LaunchScreen.storyboard;
			sourceTree = "<group>";
		};
/* End PBXVariantGroup section */

/* Begin XCBuildConfiguration section */
		1555DC632415A204004D4B44 /* Debug */ = {
			isa = XCBuildConfiguration;
			buildSettings = {
				ALWAYS_SEARCH_USER_PATHS = NO;
				CLANG_ANALYZER_NONNULL = YES;
				CLANG_ANALYZER_NUMBER_OBJECT_CONVERSION = YES_AGGRESSIVE;
				CLANG_CXX_LANGUAGE_STANDARD = "gnu++14";
				CLANG_CXX_LIBRARY = "libc++";
				CLANG_ENABLE_MODULES = YES;
				CLANG_ENABLE_OBJC_ARC = YES;
				CLANG_ENABLE_OBJC_WEAK = YES;
				CLANG_WARN_BLOCK_CAPTURE_AUTORELEASING = YES;
				CLANG_WARN_BOOL_CONVERSION = YES;
				CLANG_WARN_COMMA = YES;
				CLANG_WARN_CONSTANT_CONVERSION = YES;
				CLANG_WARN_DEPRECATED_OBJC_IMPLEMENTATIONS = YES;
				CLANG_WARN_DIRECT_OBJC_ISA_USAGE = YES_ERROR;
				CLANG_WARN_DOCUMENTATION_COMMENTS = YES;
				CLANG_WARN_EMPTY_BODY = YES;
				CLANG_WARN_ENUM_CONVERSION = YES;
				CLANG_WARN_INFINITE_RECURSION = YES;
				CLANG_WARN_INT_CONVERSION = YES;
				CLANG_WARN_NON_LITERAL_NULL_CONVERSION = YES;
				CLANG_WARN_OBJC_IMPLICIT_RETAIN_SELF = YES;
				CLANG_WARN_OBJC_LITERAL_CONVERSION = YES;
				CLANG_WARN_OBJC_ROOT_CLASS = YES_ERROR;
				CLANG_WARN_RANGE_LOOP_ANALYSIS = YES;
				CLANG_WARN_STRICT_PROTOTYPES = YES;
				CLANG_WARN_SUSPICIOUS_MOVE = YES;
				CLANG_WARN_UNGUARDED_AVAILABILITY = YES_AGGRESSIVE;
				CLANG_WARN_UNREACHABLE_CODE = YES;
				CLANG_WARN__DUPLICATE_METHOD_MATCH = YES;
				COPY_PHASE_STRIP = NO;
				DEBUG_INFORMATION_FORMAT = dwarf;
				ENABLE_STRICT_OBJC_MSGSEND = YES;
				ENABLE_TESTABILITY = YES;
				GCC_C_LANGUAGE_STANDARD = gnu11;
				GCC_DYNAMIC_NO_PIC = NO;
				GCC_NO_COMMON_BLOCKS = YES;
				GCC_OPTIMIZATION_LEVEL = 0;
				GCC_PREPROCESSOR_DEFINITIONS = (
					"DEBUG=1",
					"$(inherited)",
				);
				GCC_WARN_64_TO_32_BIT_CONVERSION = YES;
				GCC_WARN_ABOUT_RETURN_TYPE = YES_ERROR;
				GCC_WARN_UNDECLARED_SELECTOR = YES;
				GCC_WARN_UNINITIALIZED_AUTOS = YES_AGGRESSIVE;
				GCC_WARN_UNUSED_FUNCTION = YES;
				GCC_WARN_UNUSED_VARIABLE = YES;
				IPHONEOS_DEPLOYMENT_TARGET = 13.2;
				MTL_ENABLE_DEBUG_INFO = INCLUDE_SOURCE;
				MTL_FAST_MATH = YES;
				ONLY_ACTIVE_ARCH = YES;
				SDKROOT = iphoneos;
				SWIFT_ACTIVE_COMPILATION_CONDITIONS = DEBUG;
				SWIFT_OPTIMIZATION_LEVEL = "-Onone";
			};
			name = Debug;
		};
		1555DC642415A204004D4B44 /* Release */ = {
			isa = XCBuildConfiguration;
			buildSettings = {
				ALWAYS_SEARCH_USER_PATHS = NO;
				CLANG_ANALYZER_NONNULL = YES;
				CLANG_ANALYZER_NUMBER_OBJECT_CONVERSION = YES_AGGRESSIVE;
				CLANG_CXX_LANGUAGE_STANDARD = "gnu++14";
				CLANG_CXX_LIBRARY = "libc++";
				CLANG_ENABLE_MODULES = YES;
				CLANG_ENABLE_OBJC_ARC = YES;
				CLANG_ENABLE_OBJC_WEAK = YES;
				CLANG_WARN_BLOCK_CAPTURE_AUTORELEASING = YES;
				CLANG_WARN_BOOL_CONVERSION = YES;
				CLANG_WARN_COMMA = YES;
				CLANG_WARN_CONSTANT_CONVERSION = YES;
				CLANG_WARN_DEPRECATED_OBJC_IMPLEMENTATIONS = YES;
				CLANG_WARN_DIRECT_OBJC_ISA_USAGE = YES_ERROR;
				CLANG_WARN_DOCUMENTATION_COMMENTS = YES;
				CLANG_WARN_EMPTY_BODY = YES;
				CLANG_WARN_ENUM_CONVERSION = YES;
				CLANG_WARN_INFINITE_RECURSION = YES;
				CLANG_WARN_INT_CONVERSION = YES;
				CLANG_WARN_NON_LITERAL_NULL_CONVERSION = YES;
				CLANG_WARN_OBJC_IMPLICIT_RETAIN_SELF = YES;
				CLANG_WARN_OBJC_LITERAL_CONVERSION = YES;
				CLANG_WARN_OBJC_ROOT_CLASS = YES_ERROR;
				CLANG_WARN_RANGE_LOOP_ANALYSIS = YES;
				CLANG_WARN_STRICT_PROTOTYPES = YES;
				CLANG_WARN_SUSPICIOUS_MOVE = YES;
				CLANG_WARN_UNGUARDED_AVAILABILITY = YES_AGGRESSIVE;
				CLANG_WARN_UNREACHABLE_CODE = YES;
				CLANG_WARN__DUPLICATE_METHOD_MATCH = YES;
				COPY_PHASE_STRIP = NO;
				DEBUG_INFORMATION_FORMAT = "dwarf-with-dsym";
				ENABLE_NS_ASSERTIONS = NO;
				ENABLE_STRICT_OBJC_MSGSEND = YES;
				GCC_C_LANGUAGE_STANDARD = gnu11;
				GCC_NO_COMMON_BLOCKS = YES;
				GCC_WARN_64_TO_32_BIT_CONVERSION = YES;
				GCC_WARN_ABOUT_RETURN_TYPE = YES_ERROR;
				GCC_WARN_UNDECLARED_SELECTOR = YES;
				GCC_WARN_UNINITIALIZED_AUTOS = YES_AGGRESSIVE;
				GCC_WARN_UNUSED_FUNCTION = YES;
				GCC_WARN_UNUSED_VARIABLE = YES;
				IPHONEOS_DEPLOYMENT_TARGET = 13.2;
				MTL_ENABLE_DEBUG_INFO = NO;
				MTL_FAST_MATH = YES;
				SDKROOT = iphoneos;
				SWIFT_COMPILATION_MODE = wholemodule;
				SWIFT_OPTIMIZATION_LEVEL = "-O";
				VALIDATE_PRODUCT = YES;
			};
			name = Release;
		};
		1555DC662415A204004D4B44 /* Debug */ = {
			isa = XCBuildConfiguration;
			baseConfigurationReference = 41C093DBBBF59A63CCFDDC40 /* Pods-CareGiver.debug.xcconfig */;
			buildSettings = {
				ASSETCATALOG_COMPILER_APPICON_NAME = AppIcon;
				CODE_SIGN_STYLE = Automatic;
				DEVELOPMENT_TEAM = NZFMT8JP8D;
				INFOPLIST_FILE = CareGiver/Info.plist;
				LD_RUNPATH_SEARCH_PATHS = (
					"$(inherited)",
					"@executable_path/Frameworks",
				);
				PRODUCT_BUNDLE_IDENTIFIER = careGIver.CareGiver;
				PRODUCT_NAME = "$(TARGET_NAME)";
				SWIFT_VERSION = 5.0;
				TARGETED_DEVICE_FAMILY = "1,2";
			};
			name = Debug;
		};
		1555DC672415A204004D4B44 /* Release */ = {
			isa = XCBuildConfiguration;
			baseConfigurationReference = E6DA5FA953652EE41D7C6E3D /* Pods-CareGiver.release.xcconfig */;
			buildSettings = {
				ASSETCATALOG_COMPILER_APPICON_NAME = AppIcon;
				CODE_SIGN_STYLE = Automatic;
				DEVELOPMENT_TEAM = NZFMT8JP8D;
				INFOPLIST_FILE = CareGiver/Info.plist;
				LD_RUNPATH_SEARCH_PATHS = (
					"$(inherited)",
					"@executable_path/Frameworks",
				);
				PRODUCT_BUNDLE_IDENTIFIER = careGIver.CareGiver;
				PRODUCT_NAME = "$(TARGET_NAME)";
				SWIFT_VERSION = 5.0;
				TARGETED_DEVICE_FAMILY = "1,2";
			};
			name = Release;
		};
/* End XCBuildConfiguration section */

/* Begin XCConfigurationList section */
		1555DC492415A202004D4B44 /* Build configuration list for PBXProject "CareGiver" */ = {
			isa = XCConfigurationList;
			buildConfigurations = (
				1555DC632415A204004D4B44 /* Debug */,
				1555DC642415A204004D4B44 /* Release */,
			);
			defaultConfigurationIsVisible = 0;
			defaultConfigurationName = Release;
		};
		1555DC652415A204004D4B44 /* Build configuration list for PBXNativeTarget "CareGiver" */ = {
			isa = XCConfigurationList;
			buildConfigurations = (
				1555DC662415A204004D4B44 /* Debug */,
				1555DC672415A204004D4B44 /* Release */,
			);
			defaultConfigurationIsVisible = 0;
			defaultConfigurationName = Release;
		};
/* End XCConfigurationList section */

/* Begin XCVersionGroup section */
		1555DC5A2415A202004D4B44 /* CareGiver.xcdatamodeld */ = {
			isa = XCVersionGroup;
			children = (
				1555DC5B2415A202004D4B44 /* CareGiver.xcdatamodel */,
			);
			currentVersion = 1555DC5B2415A202004D4B44 /* CareGiver.xcdatamodel */;
			path = CareGiver.xcdatamodeld;
			sourceTree = "<group>";
			versionGroupType = wrapper.xcdatamodel;
		};
/* End XCVersionGroup section */
	};
	rootObject = 1555DC462415A202004D4B44 /* Project object */;
}
