// !$*UTF8*$!
{
	archiveVersion = 1;
	classes = {
	};
	objectVersion = 51;
	objects = {

/* Begin PBXBuildFile section */
		15CBBDEB23AC09B4002BC3FE /* AppDelegate.swift in Sources */ = {isa = PBXBuildFile; fileRef = 15CBBDEA23AC09B4002BC3FE /* AppDelegate.swift */; };
		15CBBDED23AC09B4002BC3FE /* SceneDelegate.swift in Sources */ = {isa = PBXBuildFile; fileRef = 15CBBDEC23AC09B4002BC3FE /* SceneDelegate.swift */; };
		15CBBDEF23AC09B4002BC3FE /* MainViewController.swift in Sources */ = {isa = PBXBuildFile; fileRef = 15CBBDEE23AC09B4002BC3FE /* MainViewController.swift */; };
		15CBBDF223AC09B4002BC3FE /* Main.storyboard in Resources */ = {isa = PBXBuildFile; fileRef = 15CBBDF023AC09B4002BC3FE /* Main.storyboard */; };
		15CBBDF523AC09B4002BC3FE /* CareGiver.xcdatamodeld in Sources */ = {isa = PBXBuildFile; fileRef = 15CBBDF323AC09B4002BC3FE /* CareGiver.xcdatamodeld */; };
		15CBBDF723AC09B7002BC3FE /* Assets.xcassets in Resources */ = {isa = PBXBuildFile; fileRef = 15CBBDF623AC09B7002BC3FE /* Assets.xcassets */; };
		15CBBE0523AC09B7002BC3FE /* CareGiverTests.swift in Sources */ = {isa = PBXBuildFile; fileRef = 15CBBE0423AC09B7002BC3FE /* CareGiverTests.swift */; };
		15CBBE1023AC09B7002BC3FE /* CareGiverUITests.swift in Sources */ = {isa = PBXBuildFile; fileRef = 15CBBE0F23AC09B7002BC3FE /* CareGiverUITests.swift */; };
		15CBBE1E23B14F2A002BC3FE /* awsconfiguration.json in Resources */ = {isa = PBXBuildFile; fileRef = 15CBBE1D23B14F2A002BC3FE /* awsconfiguration.json */; };
		15CBBE2023B14FAF002BC3FE /* SplashViewController.swift in Sources */ = {isa = PBXBuildFile; fileRef = 15CBBE1F23B14FAF002BC3FE /* SplashViewController.swift */; };
		15CBBE2223B150E9002BC3FE /* LoginViewController.swift in Sources */ = {isa = PBXBuildFile; fileRef = 15CBBE2123B150E9002BC3FE /* LoginViewController.swift */; };
		B78D8A7F21758A3038FF9C1B /* Pods_CareGiver.framework in Frameworks */ = {isa = PBXBuildFile; fileRef = 9823649E5A5E54D3ADDD2547 /* Pods_CareGiver.framework */; };
/* End PBXBuildFile section */

/* Begin PBXContainerItemProxy section */
		15CBBE0123AC09B7002BC3FE /* PBXContainerItemProxy */ = {
			isa = PBXContainerItemProxy;
			containerPortal = 15CBBDDF23AC09B4002BC3FE /* Project object */;
			proxyType = 1;
			remoteGlobalIDString = 15CBBDE623AC09B4002BC3FE;
			remoteInfo = CareGiver;
		};
		15CBBE0C23AC09B7002BC3FE /* PBXContainerItemProxy */ = {
			isa = PBXContainerItemProxy;
			containerPortal = 15CBBDDF23AC09B4002BC3FE /* Project object */;
			proxyType = 1;
			remoteGlobalIDString = 15CBBDE623AC09B4002BC3FE;
			remoteInfo = CareGiver;
		};
/* End PBXContainerItemProxy section */

/* Begin PBXFileReference section */
		15CBBDE723AC09B4002BC3FE /* CareGiver.app */ = {isa = PBXFileReference; explicitFileType = wrapper.application; includeInIndex = 0; path = CareGiver.app; sourceTree = BUILT_PRODUCTS_DIR; };
		15CBBDEA23AC09B4002BC3FE /* AppDelegate.swift */ = {isa = PBXFileReference; lastKnownFileType = sourcecode.swift; path = AppDelegate.swift; sourceTree = "<group>"; };
		15CBBDEC23AC09B4002BC3FE /* SceneDelegate.swift */ = {isa = PBXFileReference; lastKnownFileType = sourcecode.swift; path = SceneDelegate.swift; sourceTree = "<group>"; };
		15CBBDEE23AC09B4002BC3FE /* MainViewController.swift */ = {isa = PBXFileReference; lastKnownFileType = sourcecode.swift; path = MainViewController.swift; sourceTree = "<group>"; };
		15CBBDF123AC09B4002BC3FE /* Base */ = {isa = PBXFileReference; lastKnownFileType = file.storyboard; name = Base; path = Base.lproj/Main.storyboard; sourceTree = "<group>"; };
		15CBBDF423AC09B4002BC3FE /* CareGiver.xcdatamodel */ = {isa = PBXFileReference; lastKnownFileType = wrapper.xcdatamodel; path = CareGiver.xcdatamodel; sourceTree = "<group>"; };
		15CBBDF623AC09B7002BC3FE /* Assets.xcassets */ = {isa = PBXFileReference; lastKnownFileType = folder.assetcatalog; path = Assets.xcassets; sourceTree = "<group>"; };
		15CBBDFB23AC09B7002BC3FE /* Info.plist */ = {isa = PBXFileReference; lastKnownFileType = text.plist.xml; path = Info.plist; sourceTree = "<group>"; };
		15CBBE0023AC09B7002BC3FE /* CareGiverTests.xctest */ = {isa = PBXFileReference; explicitFileType = wrapper.cfbundle; includeInIndex = 0; path = CareGiverTests.xctest; sourceTree = BUILT_PRODUCTS_DIR; };
		15CBBE0423AC09B7002BC3FE /* CareGiverTests.swift */ = {isa = PBXFileReference; lastKnownFileType = sourcecode.swift; path = CareGiverTests.swift; sourceTree = "<group>"; };
		15CBBE0623AC09B7002BC3FE /* Info.plist */ = {isa = PBXFileReference; lastKnownFileType = text.plist.xml; path = Info.plist; sourceTree = "<group>"; };
		15CBBE0B23AC09B7002BC3FE /* CareGiverUITests.xctest */ = {isa = PBXFileReference; explicitFileType = wrapper.cfbundle; includeInIndex = 0; path = CareGiverUITests.xctest; sourceTree = BUILT_PRODUCTS_DIR; };
		15CBBE0F23AC09B7002BC3FE /* CareGiverUITests.swift */ = {isa = PBXFileReference; lastKnownFileType = sourcecode.swift; path = CareGiverUITests.swift; sourceTree = "<group>"; };
		15CBBE1123AC09B7002BC3FE /* Info.plist */ = {isa = PBXFileReference; lastKnownFileType = text.plist.xml; path = Info.plist; sourceTree = "<group>"; };
		15CBBE1D23B14F2A002BC3FE /* awsconfiguration.json */ = {isa = PBXFileReference; fileEncoding = 4; lastKnownFileType = text.json; path = awsconfiguration.json; sourceTree = SOURCE_ROOT; };
		15CBBE1F23B14FAF002BC3FE /* SplashViewController.swift */ = {isa = PBXFileReference; lastKnownFileType = sourcecode.swift; path = SplashViewController.swift; sourceTree = "<group>"; };
		15CBBE2123B150E9002BC3FE /* LoginViewController.swift */ = {isa = PBXFileReference; lastKnownFileType = sourcecode.swift; path = LoginViewController.swift; sourceTree = "<group>"; };
		7D43B932672859162D6813A2 /* Pods-CareGiver.release.xcconfig */ = {isa = PBXFileReference; includeInIndex = 1; lastKnownFileType = text.xcconfig; name = "Pods-CareGiver.release.xcconfig"; path = "Target Support Files/Pods-CareGiver/Pods-CareGiver.release.xcconfig"; sourceTree = "<group>"; };
		9823649E5A5E54D3ADDD2547 /* Pods_CareGiver.framework */ = {isa = PBXFileReference; explicitFileType = wrapper.framework; includeInIndex = 0; path = Pods_CareGiver.framework; sourceTree = BUILT_PRODUCTS_DIR; };
		BC7582454978FDEF4A335ED7 /* Pods-CareGiver.debug.xcconfig */ = {isa = PBXFileReference; includeInIndex = 1; lastKnownFileType = text.xcconfig; name = "Pods-CareGiver.debug.xcconfig"; path = "Target Support Files/Pods-CareGiver/Pods-CareGiver.debug.xcconfig"; sourceTree = "<group>"; };
/* End PBXFileReference section */

/* Begin PBXFrameworksBuildPhase section */
		15CBBDE423AC09B4002BC3FE /* Frameworks */ = {
			isa = PBXFrameworksBuildPhase;
			buildActionMask = 2147483647;
			files = (
				B78D8A7F21758A3038FF9C1B /* Pods_CareGiver.framework in Frameworks */,
			);
			runOnlyForDeploymentPostprocessing = 0;
		};
		15CBBDFD23AC09B7002BC3FE /* Frameworks */ = {
			isa = PBXFrameworksBuildPhase;
			buildActionMask = 2147483647;
			files = (
			);
			runOnlyForDeploymentPostprocessing = 0;
		};
		15CBBE0823AC09B7002BC3FE /* Frameworks */ = {
			isa = PBXFrameworksBuildPhase;
			buildActionMask = 2147483647;
			files = (
			);
			runOnlyForDeploymentPostprocessing = 0;
		};
/* End PBXFrameworksBuildPhase section */

/* Begin PBXGroup section */
		15CBBDDE23AC09B4002BC3FE = {
			isa = PBXGroup;
			children = (
				15CBBDE923AC09B4002BC3FE /* CareGiver */,
				15CBBE0323AC09B7002BC3FE /* CareGiverTests */,
				15CBBE0E23AC09B7002BC3FE /* CareGiverUITests */,
				15CBBDE823AC09B4002BC3FE /* Products */,
				A3009F2F6BDBCE63FE167261 /* Pods */,
				5C0BDB2D19BE40E24C494E50 /* Frameworks */,
			);
			sourceTree = "<group>";
		};
		15CBBDE823AC09B4002BC3FE /* Products */ = {
			isa = PBXGroup;
			children = (
				15CBBDE723AC09B4002BC3FE /* CareGiver.app */,
				15CBBE0023AC09B7002BC3FE /* CareGiverTests.xctest */,
				15CBBE0B23AC09B7002BC3FE /* CareGiverUITests.xctest */,
			);
			name = Products;
			sourceTree = "<group>";
		};
		15CBBDE923AC09B4002BC3FE /* CareGiver */ = {
			isa = PBXGroup;
			children = (
				15CBBE1D23B14F2A002BC3FE /* awsconfiguration.json */,
				15CBBDEA23AC09B4002BC3FE /* AppDelegate.swift */,
				15CBBDEC23AC09B4002BC3FE /* SceneDelegate.swift */,
				15CBBDEE23AC09B4002BC3FE /* MainViewController.swift */,
				15CBBDF023AC09B4002BC3FE /* Main.storyboard */,
				15CBBDF623AC09B7002BC3FE /* Assets.xcassets */,
				15CBBDFB23AC09B7002BC3FE /* Info.plist */,
				15CBBDF323AC09B4002BC3FE /* CareGiver.xcdatamodeld */,
				15CBBE1F23B14FAF002BC3FE /* SplashViewController.swift */,
				15CBBE2123B150E9002BC3FE /* LoginViewController.swift */,
			);
			path = CareGiver;
			sourceTree = "<group>";
		};
		15CBBE0323AC09B7002BC3FE /* CareGiverTests */ = {
			isa = PBXGroup;
			children = (
				15CBBE0423AC09B7002BC3FE /* CareGiverTests.swift */,
				15CBBE0623AC09B7002BC3FE /* Info.plist */,
			);
			path = CareGiverTests;
			sourceTree = "<group>";
		};
		15CBBE0E23AC09B7002BC3FE /* CareGiverUITests */ = {
			isa = PBXGroup;
			children = (
				15CBBE0F23AC09B7002BC3FE /* CareGiverUITests.swift */,
				15CBBE1123AC09B7002BC3FE /* Info.plist */,
			);
			path = CareGiverUITests;
			sourceTree = "<group>";
		};
		5C0BDB2D19BE40E24C494E50 /* Frameworks */ = {
			isa = PBXGroup;
			children = (
				9823649E5A5E54D3ADDD2547 /* Pods_CareGiver.framework */,
			);
			name = Frameworks;
			sourceTree = "<group>";
		};
		A3009F2F6BDBCE63FE167261 /* Pods */ = {
			isa = PBXGroup;
			children = (
				BC7582454978FDEF4A335ED7 /* Pods-CareGiver.debug.xcconfig */,
				7D43B932672859162D6813A2 /* Pods-CareGiver.release.xcconfig */,
			);
			path = Pods;
			sourceTree = "<group>";
		};
/* End PBXGroup section */

/* Begin PBXNativeTarget section */
		15CBBDE623AC09B4002BC3FE /* CareGiver */ = {
			isa = PBXNativeTarget;
			buildConfigurationList = 15CBBE1423AC09B7002BC3FE /* Build configuration list for PBXNativeTarget "CareGiver" */;
			buildPhases = (
				E788FC50C3D5391B2A9D0C3C /* [CP] Check Pods Manifest.lock */,
				15CBBDE323AC09B4002BC3FE /* Sources */,
				15CBBDE423AC09B4002BC3FE /* Frameworks */,
				15CBBDE523AC09B4002BC3FE /* Resources */,
				11818A9A141ADB6E63F18E7A /* [CP] Embed Pods Frameworks */,
			);
			buildRules = (
			);
			dependencies = (
			);
			name = CareGiver;
			productName = CareGiver;
			productReference = 15CBBDE723AC09B4002BC3FE /* CareGiver.app */;
			productType = "com.apple.product-type.application";
		};
		15CBBDFF23AC09B7002BC3FE /* CareGiverTests */ = {
			isa = PBXNativeTarget;
			buildConfigurationList = 15CBBE1723AC09B7002BC3FE /* Build configuration list for PBXNativeTarget "CareGiverTests" */;
			buildPhases = (
				15CBBDFC23AC09B7002BC3FE /* Sources */,
				15CBBDFD23AC09B7002BC3FE /* Frameworks */,
				15CBBDFE23AC09B7002BC3FE /* Resources */,
			);
			buildRules = (
			);
			dependencies = (
				15CBBE0223AC09B7002BC3FE /* PBXTargetDependency */,
			);
			name = CareGiverTests;
			productName = CareGiverTests;
			productReference = 15CBBE0023AC09B7002BC3FE /* CareGiverTests.xctest */;
			productType = "com.apple.product-type.bundle.unit-test";
		};
		15CBBE0A23AC09B7002BC3FE /* CareGiverUITests */ = {
			isa = PBXNativeTarget;
			buildConfigurationList = 15CBBE1A23AC09B7002BC3FE /* Build configuration list for PBXNativeTarget "CareGiverUITests" */;
			buildPhases = (
				15CBBE0723AC09B7002BC3FE /* Sources */,
				15CBBE0823AC09B7002BC3FE /* Frameworks */,
				15CBBE0923AC09B7002BC3FE /* Resources */,
			);
			buildRules = (
			);
			dependencies = (
				15CBBE0D23AC09B7002BC3FE /* PBXTargetDependency */,
			);
			name = CareGiverUITests;
			productName = CareGiverUITests;
			productReference = 15CBBE0B23AC09B7002BC3FE /* CareGiverUITests.xctest */;
			productType = "com.apple.product-type.bundle.ui-testing";
		};
/* End PBXNativeTarget section */

/* Begin PBXProject section */
		15CBBDDF23AC09B4002BC3FE /* Project object */ = {
			isa = PBXProject;
			attributes = {
				LastSwiftUpdateCheck = 1130;
				LastUpgradeCheck = 1130;
				ORGANIZATIONNAME = CareGiver;
				TargetAttributes = {
					15CBBDE623AC09B4002BC3FE = {
						CreatedOnToolsVersion = 11.3;
					};
					15CBBDFF23AC09B7002BC3FE = {
						CreatedOnToolsVersion = 11.3;
						TestTargetID = 15CBBDE623AC09B4002BC3FE;
					};
					15CBBE0A23AC09B7002BC3FE = {
						CreatedOnToolsVersion = 11.3;
						TestTargetID = 15CBBDE623AC09B4002BC3FE;
					};
				};
			};
			buildConfigurationList = 15CBBDE223AC09B4002BC3FE /* Build configuration list for PBXProject "CareGiver" */;
			compatibilityVersion = "Xcode 9.3";
			developmentRegion = en;
			hasScannedForEncodings = 0;
			knownRegions = (
				en,
				Base,
			);
			mainGroup = 15CBBDDE23AC09B4002BC3FE;
			productRefGroup = 15CBBDE823AC09B4002BC3FE /* Products */;
			projectDirPath = "";
			projectRoot = "";
			targets = (
				15CBBDE623AC09B4002BC3FE /* CareGiver */,
				15CBBDFF23AC09B7002BC3FE /* CareGiverTests */,
				15CBBE0A23AC09B7002BC3FE /* CareGiverUITests */,
			);
		};
/* End PBXProject section */

/* Begin PBXResourcesBuildPhase section */
		15CBBDE523AC09B4002BC3FE /* Resources */ = {
			isa = PBXResourcesBuildPhase;
			buildActionMask = 2147483647;
			files = (
				15CBBE1E23B14F2A002BC3FE /* awsconfiguration.json in Resources */,
				15CBBDF723AC09B7002BC3FE /* Assets.xcassets in Resources */,
				15CBBDF223AC09B4002BC3FE /* Main.storyboard in Resources */,
			);
			runOnlyForDeploymentPostprocessing = 0;
		};
		15CBBDFE23AC09B7002BC3FE /* Resources */ = {
			isa = PBXResourcesBuildPhase;
			buildActionMask = 2147483647;
			files = (
			);
			runOnlyForDeploymentPostprocessing = 0;
		};
		15CBBE0923AC09B7002BC3FE /* Resources */ = {
			isa = PBXResourcesBuildPhase;
			buildActionMask = 2147483647;
			files = (
			);
			runOnlyForDeploymentPostprocessing = 0;
		};
/* End PBXResourcesBuildPhase section */

/* Begin PBXShellScriptBuildPhase section */
		11818A9A141ADB6E63F18E7A /* [CP] Embed Pods Frameworks */ = {
			isa = PBXShellScriptBuildPhase;
			buildActionMask = 2147483647;
			files = (
			);
			inputFileListPaths = (
				"${PODS_ROOT}/Target Support Files/Pods-CareGiver/Pods-CareGiver-frameworks-${CONFIGURATION}-input-files.xcfilelist",
			);
			name = "[CP] Embed Pods Frameworks";
			outputFileListPaths = (
				"${PODS_ROOT}/Target Support Files/Pods-CareGiver/Pods-CareGiver-frameworks-${CONFIGURATION}-output-files.xcfilelist",
			);
			runOnlyForDeploymentPostprocessing = 0;
			shellPath = /bin/sh;
			shellScript = "\"${PODS_ROOT}/Target Support Files/Pods-CareGiver/Pods-CareGiver-frameworks.sh\"\n";
			showEnvVarsInLog = 0;
		};
		E788FC50C3D5391B2A9D0C3C /* [CP] Check Pods Manifest.lock */ = {
			isa = PBXShellScriptBuildPhase;
			buildActionMask = 2147483647;
			files = (
			);
			inputFileListPaths = (
			);
			inputPaths = (
				"${PODS_PODFILE_DIR_PATH}/Podfile.lock",
				"${PODS_ROOT}/Manifest.lock",
			);
			name = "[CP] Check Pods Manifest.lock";
			outputFileListPaths = (
			);
			outputPaths = (
				"$(DERIVED_FILE_DIR)/Pods-CareGiver-checkManifestLockResult.txt",
			);
			runOnlyForDeploymentPostprocessing = 0;
			shellPath = /bin/sh;
			shellScript = "diff \"${PODS_PODFILE_DIR_PATH}/Podfile.lock\" \"${PODS_ROOT}/Manifest.lock\" > /dev/null\nif [ $? != 0 ] ; then\n    # print error to STDERR\n    echo \"error: The sandbox is not in sync with the Podfile.lock. Run 'pod install' or update your CocoaPods installation.\" >&2\n    exit 1\nfi\n# This output is used by Xcode 'outputs' to avoid re-running this script phase.\necho \"SUCCESS\" > \"${SCRIPT_OUTPUT_FILE_0}\"\n";
			showEnvVarsInLog = 0;
		};
/* End PBXShellScriptBuildPhase section */

/* Begin PBXSourcesBuildPhase section */
		15CBBDE323AC09B4002BC3FE /* Sources */ = {
			isa = PBXSourcesBuildPhase;
			buildActionMask = 2147483647;
			files = (
				15CBBE2223B150E9002BC3FE /* LoginViewController.swift in Sources */,
				15CBBDEF23AC09B4002BC3FE /* MainViewController.swift in Sources */,
				15CBBDEB23AC09B4002BC3FE /* AppDelegate.swift in Sources */,
				15CBBDF523AC09B4002BC3FE /* CareGiver.xcdatamodeld in Sources */,
				15CBBDED23AC09B4002BC3FE /* SceneDelegate.swift in Sources */,
				15CBBE2023B14FAF002BC3FE /* SplashViewController.swift in Sources */,
			);
			runOnlyForDeploymentPostprocessing = 0;
		};
		15CBBDFC23AC09B7002BC3FE /* Sources */ = {
			isa = PBXSourcesBuildPhase;
			buildActionMask = 2147483647;
			files = (
				15CBBE0523AC09B7002BC3FE /* CareGiverTests.swift in Sources */,
			);
			runOnlyForDeploymentPostprocessing = 0;
		};
		15CBBE0723AC09B7002BC3FE /* Sources */ = {
			isa = PBXSourcesBuildPhase;
			buildActionMask = 2147483647;
			files = (
				15CBBE1023AC09B7002BC3FE /* CareGiverUITests.swift in Sources */,
			);
			runOnlyForDeploymentPostprocessing = 0;
		};
/* End PBXSourcesBuildPhase section */

/* Begin PBXTargetDependency section */
		15CBBE0223AC09B7002BC3FE /* PBXTargetDependency */ = {
			isa = PBXTargetDependency;
			target = 15CBBDE623AC09B4002BC3FE /* CareGiver */;
			targetProxy = 15CBBE0123AC09B7002BC3FE /* PBXContainerItemProxy */;
		};
		15CBBE0D23AC09B7002BC3FE /* PBXTargetDependency */ = {
			isa = PBXTargetDependency;
			target = 15CBBDE623AC09B4002BC3FE /* CareGiver */;
			targetProxy = 15CBBE0C23AC09B7002BC3FE /* PBXContainerItemProxy */;
		};
/* End PBXTargetDependency section */

/* Begin PBXVariantGroup section */
		15CBBDF023AC09B4002BC3FE /* Main.storyboard */ = {
			isa = PBXVariantGroup;
			children = (
				15CBBDF123AC09B4002BC3FE /* Base */,
			);
			name = Main.storyboard;
			sourceTree = "<group>";
		};
/* End PBXVariantGroup section */

/* Begin XCBuildConfiguration section */
		15CBBE1223AC09B7002BC3FE /* Debug */ = {
			isa = XCBuildConfiguration;
			buildSettings = {
				ALWAYS_SEARCH_USER_PATHS = NO;
				CLANG_ANALYZER_NONNULL = YES;
				CLANG_ANALYZER_NUMBER_OBJECT_CONVERSION = YES_AGGRESSIVE;
				CLANG_CXX_LANGUAGE_STANDARD = "gnu++14";
				CLANG_CXX_LIBRARY = "libc++";
				CLANG_ENABLE_MODULES = YES;
				CLANG_ENABLE_OBJC_ARC = YES;
				CLANG_ENABLE_OBJC_WEAK = YES;
				CLANG_WARN_BLOCK_CAPTURE_AUTORELEASING = YES;
				CLANG_WARN_BOOL_CONVERSION = YES;
				CLANG_WARN_COMMA = YES;
				CLANG_WARN_CONSTANT_CONVERSION = YES;
				CLANG_WARN_DEPRECATED_OBJC_IMPLEMENTATIONS = YES;
				CLANG_WARN_DIRECT_OBJC_ISA_USAGE = YES_ERROR;
				CLANG_WARN_DOCUMENTATION_COMMENTS = YES;
				CLANG_WARN_EMPTY_BODY = YES;
				CLANG_WARN_ENUM_CONVERSION = YES;
				CLANG_WARN_INFINITE_RECURSION = YES;
				CLANG_WARN_INT_CONVERSION = YES;
				CLANG_WARN_NON_LITERAL_NULL_CONVERSION = YES;
				CLANG_WARN_OBJC_IMPLICIT_RETAIN_SELF = YES;
				CLANG_WARN_OBJC_LITERAL_CONVERSION = YES;
				CLANG_WARN_OBJC_ROOT_CLASS = YES_ERROR;
				CLANG_WARN_RANGE_LOOP_ANALYSIS = YES;
				CLANG_WARN_STRICT_PROTOTYPES = YES;
				CLANG_WARN_SUSPICIOUS_MOVE = YES;
				CLANG_WARN_UNGUARDED_AVAILABILITY = YES_AGGRESSIVE;
				CLANG_WARN_UNREACHABLE_CODE = YES;
				CLANG_WARN__DUPLICATE_METHOD_MATCH = YES;
				COPY_PHASE_STRIP = NO;
				DEBUG_INFORMATION_FORMAT = dwarf;
				ENABLE_STRICT_OBJC_MSGSEND = YES;
				ENABLE_TESTABILITY = YES;
				GCC_C_LANGUAGE_STANDARD = gnu11;
				GCC_DYNAMIC_NO_PIC = NO;
				GCC_NO_COMMON_BLOCKS = YES;
				GCC_OPTIMIZATION_LEVEL = 0;
				GCC_PREPROCESSOR_DEFINITIONS = (
					"DEBUG=1",
					"$(inherited)",
				);
				GCC_WARN_64_TO_32_BIT_CONVERSION = YES;
				GCC_WARN_ABOUT_RETURN_TYPE = YES_ERROR;
				GCC_WARN_UNDECLARED_SELECTOR = YES;
				GCC_WARN_UNINITIALIZED_AUTOS = YES_AGGRESSIVE;
				GCC_WARN_UNUSED_FUNCTION = YES;
				GCC_WARN_UNUSED_VARIABLE = YES;
				IPHONEOS_DEPLOYMENT_TARGET = 13.2;
				MTL_ENABLE_DEBUG_INFO = INCLUDE_SOURCE;
				MTL_FAST_MATH = YES;
				ONLY_ACTIVE_ARCH = YES;
				SDKROOT = iphoneos;
				SWIFT_ACTIVE_COMPILATION_CONDITIONS = DEBUG;
				SWIFT_OPTIMIZATION_LEVEL = "-Onone";
			};
			name = Debug;
		};
		15CBBE1323AC09B7002BC3FE /* Release */ = {
			isa = XCBuildConfiguration;
			buildSettings = {
				ALWAYS_SEARCH_USER_PATHS = NO;
				CLANG_ANALYZER_NONNULL = YES;
				CLANG_ANALYZER_NUMBER_OBJECT_CONVERSION = YES_AGGRESSIVE;
				CLANG_CXX_LANGUAGE_STANDARD = "gnu++14";
				CLANG_CXX_LIBRARY = "libc++";
				CLANG_ENABLE_MODULES = YES;
				CLANG_ENABLE_OBJC_ARC = YES;
				CLANG_ENABLE_OBJC_WEAK = YES;
				CLANG_WARN_BLOCK_CAPTURE_AUTORELEASING = YES;
				CLANG_WARN_BOOL_CONVERSION = YES;
				CLANG_WARN_COMMA = YES;
				CLANG_WARN_CONSTANT_CONVERSION = YES;
				CLANG_WARN_DEPRECATED_OBJC_IMPLEMENTATIONS = YES;
				CLANG_WARN_DIRECT_OBJC_ISA_USAGE = YES_ERROR;
				CLANG_WARN_DOCUMENTATION_COMMENTS = YES;
				CLANG_WARN_EMPTY_BODY = YES;
				CLANG_WARN_ENUM_CONVERSION = YES;
				CLANG_WARN_INFINITE_RECURSION = YES;
				CLANG_WARN_INT_CONVERSION = YES;
				CLANG_WARN_NON_LITERAL_NULL_CONVERSION = YES;
				CLANG_WARN_OBJC_IMPLICIT_RETAIN_SELF = YES;
				CLANG_WARN_OBJC_LITERAL_CONVERSION = YES;
				CLANG_WARN_OBJC_ROOT_CLASS = YES_ERROR;
				CLANG_WARN_RANGE_LOOP_ANALYSIS = YES;
				CLANG_WARN_STRICT_PROTOTYPES = YES;
				CLANG_WARN_SUSPICIOUS_MOVE = YES;
				CLANG_WARN_UNGUARDED_AVAILABILITY = YES_AGGRESSIVE;
				CLANG_WARN_UNREACHABLE_CODE = YES;
				CLANG_WARN__DUPLICATE_METHOD_MATCH = YES;
				COPY_PHASE_STRIP = NO;
				DEBUG_INFORMATION_FORMAT = "dwarf-with-dsym";
				ENABLE_NS_ASSERTIONS = NO;
				ENABLE_STRICT_OBJC_MSGSEND = YES;
				GCC_C_LANGUAGE_STANDARD = gnu11;
				GCC_NO_COMMON_BLOCKS = YES;
				GCC_WARN_64_TO_32_BIT_CONVERSION = YES;
				GCC_WARN_ABOUT_RETURN_TYPE = YES_ERROR;
				GCC_WARN_UNDECLARED_SELECTOR = YES;
				GCC_WARN_UNINITIALIZED_AUTOS = YES_AGGRESSIVE;
				GCC_WARN_UNUSED_FUNCTION = YES;
				GCC_WARN_UNUSED_VARIABLE = YES;
				IPHONEOS_DEPLOYMENT_TARGET = 13.2;
				MTL_ENABLE_DEBUG_INFO = NO;
				MTL_FAST_MATH = YES;
				SDKROOT = iphoneos;
				SWIFT_COMPILATION_MODE = wholemodule;
				SWIFT_OPTIMIZATION_LEVEL = "-O";
				VALIDATE_PRODUCT = YES;
			};
			name = Release;
		};
		15CBBE1523AC09B7002BC3FE /* Debug */ = {
			isa = XCBuildConfiguration;
			baseConfigurationReference = BC7582454978FDEF4A335ED7 /* Pods-CareGiver.debug.xcconfig */;
			buildSettings = {
				ASSETCATALOG_COMPILER_APPICON_NAME = AppIcon;
				CODE_SIGN_STYLE = Automatic;
				DEVELOPMENT_TEAM = NZFMT8JP8D;
				INFOPLIST_FILE = CareGiver/Info.plist;
				LD_RUNPATH_SEARCH_PATHS = (
					"$(inherited)",
					"@executable_path/Frameworks",
				);
				PRODUCT_BUNDLE_IDENTIFIER = careGIver.CareGiver;
				PRODUCT_NAME = "$(TARGET_NAME)";
				SWIFT_VERSION = 5.0;
				TARGETED_DEVICE_FAMILY = "1,2";
			};
			name = Debug;
		};
		15CBBE1623AC09B7002BC3FE /* Release */ = {
			isa = XCBuildConfiguration;
			baseConfigurationReference = 7D43B932672859162D6813A2 /* Pods-CareGiver.release.xcconfig */;
			buildSettings = {
				ASSETCATALOG_COMPILER_APPICON_NAME = AppIcon;
				CODE_SIGN_STYLE = Automatic;
				DEVELOPMENT_TEAM = NZFMT8JP8D;
				INFOPLIST_FILE = CareGiver/Info.plist;
				LD_RUNPATH_SEARCH_PATHS = (
					"$(inherited)",
					"@executable_path/Frameworks",
				);
				PRODUCT_BUNDLE_IDENTIFIER = careGIver.CareGiver;
				PRODUCT_NAME = "$(TARGET_NAME)";
				SWIFT_VERSION = 5.0;
				TARGETED_DEVICE_FAMILY = "1,2";
			};
			name = Release;
		};
		15CBBE1823AC09B7002BC3FE /* Debug */ = {
			isa = XCBuildConfiguration;
			buildSettings = {
				ALWAYS_EMBED_SWIFT_STANDARD_LIBRARIES = YES;
				BUNDLE_LOADER = "$(TEST_HOST)";
				CODE_SIGN_STYLE = Automatic;
				DEVELOPMENT_TEAM = NZFMT8JP8D;
				INFOPLIST_FILE = CareGiverTests/Info.plist;
				IPHONEOS_DEPLOYMENT_TARGET = 13.2;
				LD_RUNPATH_SEARCH_PATHS = (
					"$(inherited)",
					"@executable_path/Frameworks",
					"@loader_path/Frameworks",
				);
				PRODUCT_BUNDLE_IDENTIFIER = careGIver.CareGiverTests;
				PRODUCT_NAME = "$(TARGET_NAME)";
				SWIFT_VERSION = 5.0;
				TARGETED_DEVICE_FAMILY = "1,2";
				TEST_HOST = "$(BUILT_PRODUCTS_DIR)/CareGiver.app/CareGiver";
			};
			name = Debug;
		};
		15CBBE1923AC09B7002BC3FE /* Release */ = {
			isa = XCBuildConfiguration;
			buildSettings = {
				ALWAYS_EMBED_SWIFT_STANDARD_LIBRARIES = YES;
				BUNDLE_LOADER = "$(TEST_HOST)";
				CODE_SIGN_STYLE = Automatic;
				DEVELOPMENT_TEAM = NZFMT8JP8D;
				INFOPLIST_FILE = CareGiverTests/Info.plist;
				IPHONEOS_DEPLOYMENT_TARGET = 13.2;
				LD_RUNPATH_SEARCH_PATHS = (
					"$(inherited)",
					"@executable_path/Frameworks",
					"@loader_path/Frameworks",
				);
				PRODUCT_BUNDLE_IDENTIFIER = careGIver.CareGiverTests;
				PRODUCT_NAME = "$(TARGET_NAME)";
				SWIFT_VERSION = 5.0;
				TARGETED_DEVICE_FAMILY = "1,2";
				TEST_HOST = "$(BUILT_PRODUCTS_DIR)/CareGiver.app/CareGiver";
			};
			name = Release;
		};
		15CBBE1B23AC09B7002BC3FE /* Debug */ = {
			isa = XCBuildConfiguration;
			buildSettings = {
				ALWAYS_EMBED_SWIFT_STANDARD_LIBRARIES = YES;
				CODE_SIGN_STYLE = Automatic;
				DEVELOPMENT_TEAM = NZFMT8JP8D;
				INFOPLIST_FILE = CareGiverUITests/Info.plist;
				LD_RUNPATH_SEARCH_PATHS = (
					"$(inherited)",
					"@executable_path/Frameworks",
					"@loader_path/Frameworks",
				);
				PRODUCT_BUNDLE_IDENTIFIER = careGIver.CareGiverUITests;
				PRODUCT_NAME = "$(TARGET_NAME)";
				SWIFT_VERSION = 5.0;
				TARGETED_DEVICE_FAMILY = "1,2";
				TEST_TARGET_NAME = CareGiver;
			};
			name = Debug;
		};
		15CBBE1C23AC09B7002BC3FE /* Release */ = {
			isa = XCBuildConfiguration;
			buildSettings = {
				ALWAYS_EMBED_SWIFT_STANDARD_LIBRARIES = YES;
				CODE_SIGN_STYLE = Automatic;
				DEVELOPMENT_TEAM = NZFMT8JP8D;
				INFOPLIST_FILE = CareGiverUITests/Info.plist;
				LD_RUNPATH_SEARCH_PATHS = (
					"$(inherited)",
					"@executable_path/Frameworks",
					"@loader_path/Frameworks",
				);
				PRODUCT_BUNDLE_IDENTIFIER = careGIver.CareGiverUITests;
				PRODUCT_NAME = "$(TARGET_NAME)";
				SWIFT_VERSION = 5.0;
				TARGETED_DEVICE_FAMILY = "1,2";
				TEST_TARGET_NAME = CareGiver;
			};
			name = Release;
		};
/* End XCBuildConfiguration section */

/* Begin XCConfigurationList section */
		15CBBDE223AC09B4002BC3FE /* Build configuration list for PBXProject "CareGiver" */ = {
			isa = XCConfigurationList;
			buildConfigurations = (
				15CBBE1223AC09B7002BC3FE /* Debug */,
				15CBBE1323AC09B7002BC3FE /* Release */,
			);
			defaultConfigurationIsVisible = 0;
			defaultConfigurationName = Release;
		};
		15CBBE1423AC09B7002BC3FE /* Build configuration list for PBXNativeTarget "CareGiver" */ = {
			isa = XCConfigurationList;
			buildConfigurations = (
				15CBBE1523AC09B7002BC3FE /* Debug */,
				15CBBE1623AC09B7002BC3FE /* Release */,
			);
			defaultConfigurationIsVisible = 0;
			defaultConfigurationName = Release;
		};
		15CBBE1723AC09B7002BC3FE /* Build configuration list for PBXNativeTarget "CareGiverTests" */ = {
			isa = XCConfigurationList;
			buildConfigurations = (
				15CBBE1823AC09B7002BC3FE /* Debug */,
				15CBBE1923AC09B7002BC3FE /* Release */,
			);
			defaultConfigurationIsVisible = 0;
			defaultConfigurationName = Release;
		};
		15CBBE1A23AC09B7002BC3FE /* Build configuration list for PBXNativeTarget "CareGiverUITests" */ = {
			isa = XCConfigurationList;
			buildConfigurations = (
				15CBBE1B23AC09B7002BC3FE /* Debug */,
				15CBBE1C23AC09B7002BC3FE /* Release */,
			);
			defaultConfigurationIsVisible = 0;
			defaultConfigurationName = Release;
		};
/* End XCConfigurationList section */

/* Begin XCVersionGroup section */
		15CBBDF323AC09B4002BC3FE /* CareGiver.xcdatamodeld */ = {
			isa = XCVersionGroup;
			children = (
				15CBBDF423AC09B4002BC3FE /* CareGiver.xcdatamodel */,
			);
			currentVersion = 15CBBDF423AC09B4002BC3FE /* CareGiver.xcdatamodel */;
			path = CareGiver.xcdatamodeld;
			sourceTree = "<group>";
			versionGroupType = wrapper.xcdatamodel;
		};
/* End XCVersionGroup section */
	};
	rootObject = 15CBBDDF23AC09B4002BC3FE /* Project object */;
}
